// !$*UTF8*$!
{
	archiveVersion = 1;
	classes = {
	};
	objectVersion = 55;
	objects = {

/* Begin PBXBuildFile section */
		0FE29DAC28EF049E001B4360 /* AppDelegate.swift in Sources */ = {isa = PBXBuildFile; fileRef = 0FE29DAB28EF049E001B4360 /* AppDelegate.swift */; };
		0FE29DAE28EF049E001B4360 /* SceneDelegate.swift in Sources */ = {isa = PBXBuildFile; fileRef = 0FE29DAD28EF049E001B4360 /* SceneDelegate.swift */; };
		0FE29DB028EF049E001B4360 /* ViewController.swift in Sources */ = {isa = PBXBuildFile; fileRef = 0FE29DAF28EF049E001B4360 /* ViewController.swift */; };
		0FE29DB328EF049E001B4360 /* Main.storyboard in Resources */ = {isa = PBXBuildFile; fileRef = 0FE29DB128EF049E001B4360 /* Main.storyboard */; };
		0FE29DB528EF04A4001B4360 /* Assets.xcassets in Resources */ = {isa = PBXBuildFile; fileRef = 0FE29DB428EF04A4001B4360 /* Assets.xcassets */; };
		0FE29DB828EF04A4001B4360 /* LaunchScreen.storyboard in Resources */ = {isa = PBXBuildFile; fileRef = 0FE29DB628EF04A4001B4360 /* LaunchScreen.storyboard */; };
		0FE29DC228EF0568001B4360 /* TableViewCell.swift in Sources */ = {isa = PBXBuildFile; fileRef = 0FE29DC128EF0568001B4360 /* TableViewCell.swift */; };
		0FE29DC428EF05CE001B4360 /* TableViewController.swift in Sources */ = {isa = PBXBuildFile; fileRef = 0FE29DC328EF05CE001B4360 /* TableViewController.swift */; };
		0FE29DC628EF066A001B4360 /* ItunesMusic.swift in Sources */ = {isa = PBXBuildFile; fileRef = 0FE29DC528EF066A001B4360 /* ItunesMusic.swift */; };
		F23A6FD1F3CA6335D8F98545 /* Pods_MusicSearch.framework in Frameworks */ = {isa = PBXBuildFile; fileRef = A952B54B9CC62C6384DE0ABD /* Pods_MusicSearch.framework */; };
/* End PBXBuildFile section */

/* Begin PBXFileReference section */
		0FE29DA828EF049E001B4360 /* MusicSearch.app */ = {isa = PBXFileReference; explicitFileType = wrapper.application; includeInIndex = 0; path = MusicSearch.app; sourceTree = BUILT_PRODUCTS_DIR; };
		0FE29DAB28EF049E001B4360 /* AppDelegate.swift */ = {isa = PBXFileReference; lastKnownFileType = sourcecode.swift; path = AppDelegate.swift; sourceTree = "<group>"; };
		0FE29DAD28EF049E001B4360 /* SceneDelegate.swift */ = {isa = PBXFileReference; lastKnownFileType = sourcecode.swift; path = SceneDelegate.swift; sourceTree = "<group>"; };
		0FE29DAF28EF049E001B4360 /* ViewController.swift */ = {isa = PBXFileReference; lastKnownFileType = sourcecode.swift; path = ViewController.swift; sourceTree = "<group>"; };
		0FE29DB228EF049E001B4360 /* Base */ = {isa = PBXFileReference; lastKnownFileType = file.storyboard; name = Base; path = Base.lproj/Main.storyboard; sourceTree = "<group>"; };
		0FE29DB428EF04A4001B4360 /* Assets.xcassets */ = {isa = PBXFileReference; lastKnownFileType = folder.assetcatalog; path = Assets.xcassets; sourceTree = "<group>"; };
		0FE29DB728EF04A4001B4360 /* Base */ = {isa = PBXFileReference; lastKnownFileType = file.storyboard; name = Base; path = Base.lproj/LaunchScreen.storyboard; sourceTree = "<group>"; };
		0FE29DB928EF04A4001B4360 /* Info.plist */ = {isa = PBXFileReference; lastKnownFileType = text.plist.xml; path = Info.plist; sourceTree = "<group>"; };
		0FE29DC128EF0568001B4360 /* TableViewCell.swift */ = {isa = PBXFileReference; lastKnownFileType = sourcecode.swift; path = TableViewCell.swift; sourceTree = "<group>"; };
		0FE29DC328EF05CE001B4360 /* TableViewController.swift */ = {isa = PBXFileReference; lastKnownFileType = sourcecode.swift; path = TableViewController.swift; sourceTree = "<group>"; };
		0FE29DC528EF066A001B4360 /* ItunesMusic.swift */ = {isa = PBXFileReference; lastKnownFileType = sourcecode.swift; path = ItunesMusic.swift; sourceTree = "<group>"; };
		33A3E2EB03007D5FE63FDDBE /* Pods-MusicSearch.release.xcconfig */ = {isa = PBXFileReference; includeInIndex = 1; lastKnownFileType = text.xcconfig; name = "Pods-MusicSearch.release.xcconfig"; path = "Target Support Files/Pods-MusicSearch/Pods-MusicSearch.release.xcconfig"; sourceTree = "<group>"; };
		A952B54B9CC62C6384DE0ABD /* Pods_MusicSearch.framework */ = {isa = PBXFileReference; explicitFileType = wrapper.framework; includeInIndex = 0; path = Pods_MusicSearch.framework; sourceTree = BUILT_PRODUCTS_DIR; };
		B0689AFDDEC601662884EACC /* Pods-MusicSearch.debug.xcconfig */ = {isa = PBXFileReference; includeInIndex = 1; lastKnownFileType = text.xcconfig; name = "Pods-MusicSearch.debug.xcconfig"; path = "Target Support Files/Pods-MusicSearch/Pods-MusicSearch.debug.xcconfig"; sourceTree = "<group>"; };
/* End PBXFileReference section */

/* Begin PBXFrameworksBuildPhase section */
		0FE29DA528EF049E001B4360 /* Frameworks */ = {
			isa = PBXFrameworksBuildPhase;
			buildActionMask = 2147483647;
			files = (
				F23A6FD1F3CA6335D8F98545 /* Pods_MusicSearch.framework in Frameworks */,
			);
			runOnlyForDeploymentPostprocessing = 0;
		};
/* End PBXFrameworksBuildPhase section */

/* Begin PBXGroup section */
		0FE29D9F28EF049E001B4360 = {
			isa = PBXGroup;
			children = (
				0FE29DAA28EF049E001B4360 /* MusicSearch */,
				0FE29DA928EF049E001B4360 /* Products */,
				5E67D04881E7B395A113D856 /* Pods */,
				E9C6C7F3138F52D19FC6C70F /* Frameworks */,
			);
			sourceTree = "<group>";
		};
		0FE29DA928EF049E001B4360 /* Products */ = {
			isa = PBXGroup;
			children = (
				0FE29DA828EF049E001B4360 /* MusicSearch.app */,
			);
			name = Products;
			sourceTree = "<group>";
		};
		0FE29DAA28EF049E001B4360 /* MusicSearch */ = {
			isa = PBXGroup;
			children = (
				0FE29DAB28EF049E001B4360 /* AppDelegate.swift */,
				0FE29DAD28EF049E001B4360 /* SceneDelegate.swift */,
				0FE29DAF28EF049E001B4360 /* ViewController.swift */,
				0FE29DB128EF049E001B4360 /* Main.storyboard */,
				0FE29DC128EF0568001B4360 /* TableViewCell.swift */,
				0FE29DC328EF05CE001B4360 /* TableViewController.swift */,
				0FE29DC528EF066A001B4360 /* ItunesMusic.swift */,
				0FE29DB428EF04A4001B4360 /* Assets.xcassets */,
				0FE29DB628EF04A4001B4360 /* LaunchScreen.storyboard */,
				0FE29DB928EF04A4001B4360 /* Info.plist */,
			);
			path = MusicSearch;
			sourceTree = "<group>";
		};
		5E67D04881E7B395A113D856 /* Pods */ = {
			isa = PBXGroup;
			children = (
				B0689AFDDEC601662884EACC /* Pods-MusicSearch.debug.xcconfig */,
				33A3E2EB03007D5FE63FDDBE /* Pods-MusicSearch.release.xcconfig */,
			);
			name = Pods;
			path = Pods;
			sourceTree = "<group>";
		};
		E9C6C7F3138F52D19FC6C70F /* Frameworks */ = {
			isa = PBXGroup;
			children = (
				A952B54B9CC62C6384DE0ABD /* Pods_MusicSearch.framework */,
			);
			name = Frameworks;
			sourceTree = "<group>";
		};
/* End PBXGroup section */

/* Begin PBXNativeTarget section */
		0FE29DA728EF049E001B4360 /* MusicSearch */ = {
			isa = PBXNativeTarget;
			buildConfigurationList = 0FE29DBC28EF04A4001B4360 /* Build configuration list for PBXNativeTarget "MusicSearch" */;
			buildPhases = (
				C33114C17E8F43E8228CD422 /* [CP] Check Pods Manifest.lock */,
				0FE29DA428EF049E001B4360 /* Sources */,
				0FE29DA528EF049E001B4360 /* Frameworks */,
				0FE29DA628EF049E001B4360 /* Resources */,
				58B55481C9B5952BC31AE746 /* [CP] Embed Pods Frameworks */,
			);
			buildRules = (
			);
			dependencies = (
			);
			name = MusicSearch;
			productName = MusicSearch;
			productReference = 0FE29DA828EF049E001B4360 /* MusicSearch.app */;
			productType = "com.apple.product-type.application";
		};
/* End PBXNativeTarget section */

/* Begin PBXProject section */
		0FE29DA028EF049E001B4360 /* Project object */ = {
			isa = PBXProject;
			attributes = {
				BuildIndependentTargetsInParallel = 1;
				LastSwiftUpdateCheck = 1340;
				LastUpgradeCheck = 1340;
				TargetAttributes = {
					0FE29DA728EF049E001B4360 = {
						CreatedOnToolsVersion = 13.4.1;
					};
				};
			};
			buildConfigurationList = 0FE29DA328EF049E001B4360 /* Build configuration list for PBXProject "MusicSearch" */;
			compatibilityVersion = "Xcode 13.0";
			developmentRegion = en;
			hasScannedForEncodings = 0;
			knownRegions = (
				en,
				Base,
			);
			mainGroup = 0FE29D9F28EF049E001B4360;
			productRefGroup = 0FE29DA928EF049E001B4360 /* Products */;
			projectDirPath = "";
			projectRoot = "";
			targets = (
				0FE29DA728EF049E001B4360 /* MusicSearch */,
			);
		};
/* End PBXProject section */

/* Begin PBXResourcesBuildPhase section */
		0FE29DA628EF049E001B4360 /* Resources */ = {
			isa = PBXResourcesBuildPhase;
			buildActionMask = 2147483647;
			files = (
				0FE29DB828EF04A4001B4360 /* LaunchScreen.storyboard in Resources */,
				0FE29DB528EF04A4001B4360 /* Assets.xcassets in Resources */,
				0FE29DB328EF049E001B4360 /* Main.storyboard in Resources */,
			);
			runOnlyForDeploymentPostprocessing = 0;
		};
/* End PBXResourcesBuildPhase section */

/* Begin PBXShellScriptBuildPhase section */
		58B55481C9B5952BC31AE746 /* [CP] Embed Pods Frameworks */ = {
			isa = PBXShellScriptBuildPhase;
			buildActionMask = 2147483647;
			files = (
			);
			inputFileListPaths = (
				"${PODS_ROOT}/Target Support Files/Pods-MusicSearch/Pods-MusicSearch-frameworks-${CONFIGURATION}-input-files.xcfilelist",
			);
			name = "[CP] Embed Pods Frameworks";
			outputFileListPaths = (
				"${PODS_ROOT}/Target Support Files/Pods-MusicSearch/Pods-MusicSearch-frameworks-${CONFIGURATION}-output-files.xcfilelist",
			);
			runOnlyForDeploymentPostprocessing = 0;
			shellPath = /bin/sh;
			shellScript = "\"${PODS_ROOT}/Target Support Files/Pods-MusicSearch/Pods-MusicSearch-frameworks.sh\"\n";
			showEnvVarsInLog = 0;
		};
		C33114C17E8F43E8228CD422 /* [CP] Check Pods Manifest.lock */ = {
			isa = PBXShellScriptBuildPhase;
			buildActionMask = 2147483647;
			files = (
			);
			inputFileListPaths = (
			);
			inputPaths = (
				"${PODS_PODFILE_DIR_PATH}/Podfile.lock",
				"${PODS_ROOT}/Manifest.lock",
			);
			name = "[CP] Check Pods Manifest.lock";
			outputFileListPaths = (
			);
			outputPaths = (
				"$(DERIVED_FILE_DIR)/Pods-MusicSearch-checkManifestLockResult.txt",
			);
			runOnlyForDeploymentPostprocessing = 0;
			shellPath = /bin/sh;
			shellScript = "diff \"${PODS_PODFILE_DIR_PATH}/Podfile.lock\" \"${PODS_ROOT}/Manifest.lock\" > /dev/null\nif [ $? != 0 ] ; then\n    # print error to STDERR\n    echo \"error: The sandbox is not in sync with the Podfile.lock. Run 'pod install' or update your CocoaPods installation.\" >&2\n    exit 1\nfi\n# This output is used by Xcode 'outputs' to avoid re-running this script phase.\necho \"SUCCESS\" > \"${SCRIPT_OUTPUT_FILE_0}\"\n";
			showEnvVarsInLog = 0;
		};
/* End PBXShellScriptBuildPhase section */

/* Begin PBXSourcesBuildPhase section */
		0FE29DA428EF049E001B4360 /* Sources */ = {
			isa = PBXSourcesBuildPhase;
			buildActionMask = 2147483647;
			files = (
				0FE29DC228EF0568001B4360 /* TableViewCell.swift in Sources */,
				0FE29DB028EF049E001B4360 /* ViewController.swift in Sources */,
				0FE29DAC28EF049E001B4360 /* AppDelegate.swift in Sources */,
				0FE29DC628EF066A001B4360 /* ItunesMusic.swift in Sources */,
				0FE29DC428EF05CE001B4360 /* TableViewController.swift in Sources */,
				0FE29DAE28EF049E001B4360 /* SceneDelegate.swift in Sources */,
			);
			runOnlyForDeploymentPostprocessing = 0;
		};
/* End PBXSourcesBuildPhase section */

/* Begin PBXVariantGroup section */
		0FE29DB128EF049E001B4360 /* Main.storyboard */ = {
			isa = PBXVariantGroup;
			children = (
				0FE29DB228EF049E001B4360 /* Base */,
			);
			name = Main.storyboard;
			sourceTree = "<group>";
		};
		0FE29DB628EF04A4001B4360 /* LaunchScreen.storyboard */ = {
			isa = PBXVariantGroup;
			children = (
				0FE29DB728EF04A4001B4360 /* Base */,
			);
			name = LaunchScreen.storyboard;
			sourceTree = "<group>";
		};
/* End PBXVariantGroup section */

/* Begin XCBuildConfiguration section */
		0FE29DBA28EF04A4001B4360 /* Debug */ = {
			isa = XCBuildConfiguration;
			buildSettings = {
				ALWAYS_SEARCH_USER_PATHS = NO;
				CLANG_ANALYZER_NONNULL = YES;
				CLANG_ANALYZER_NUMBER_OBJECT_CONVERSION = YES_AGGRESSIVE;
				CLANG_CXX_LANGUAGE_STANDARD = "gnu++17";
				CLANG_ENABLE_MODULES = YES;
				CLANG_ENABLE_OBJC_ARC = YES;
				CLANG_ENABLE_OBJC_WEAK = YES;
				CLANG_WARN_BLOCK_CAPTURE_AUTORELEASING = YES;
				CLANG_WARN_BOOL_CONVERSION = YES;
				CLANG_WARN_COMMA = YES;
				CLANG_WARN_CONSTANT_CONVERSION = YES;
				CLANG_WARN_DEPRECATED_OBJC_IMPLEMENTATIONS = YES;
				CLANG_WARN_DIRECT_OBJC_ISA_USAGE = YES_ERROR;
				CLANG_WARN_DOCUMENTATION_COMMENTS = YES;
				CLANG_WARN_EMPTY_BODY = YES;
				CLANG_WARN_ENUM_CONVERSION = YES;
				CLANG_WARN_INFINITE_RECURSION = YES;
				CLANG_WARN_INT_CONVERSION = YES;
				CLANG_WARN_NON_LITERAL_NULL_CONVERSION = YES;
				CLANG_WARN_OBJC_IMPLICIT_RETAIN_SELF = YES;
				CLANG_WARN_OBJC_LITERAL_CONVERSION = YES;
				CLANG_WARN_OBJC_ROOT_CLASS = YES_ERROR;
				CLANG_WARN_QUOTED_INCLUDE_IN_FRAMEWORK_HEADER = YES;
				CLANG_WARN_RANGE_LOOP_ANALYSIS = YES;
				CLANG_WARN_STRICT_PROTOTYPES = YES;
				CLANG_WARN_SUSPICIOUS_MOVE = YES;
				CLANG_WARN_UNGUARDED_AVAILABILITY = YES_AGGRESSIVE;
				CLANG_WARN_UNREACHABLE_CODE = YES;
				CLANG_WARN__DUPLICATE_METHOD_MATCH = YES;
				COPY_PHASE_STRIP = NO;
				DEBUG_INFORMATION_FORMAT = dwarf;
				ENABLE_STRICT_OBJC_MSGSEND = YES;
				ENABLE_TESTABILITY = YES;
				GCC_C_LANGUAGE_STANDARD = gnu11;
				GCC_DYNAMIC_NO_PIC = NO;
				GCC_NO_COMMON_BLOCKS = YES;
				GCC_OPTIMIZATION_LEVEL = 0;
				GCC_PREPROCESSOR_DEFINITIONS = (
					"DEBUG=1",
					"$(inherited)",
				);
				GCC_WARN_64_TO_32_BIT_CONVERSION = YES;
				GCC_WARN_ABOUT_RETURN_TYPE = YES_ERROR;
				GCC_WARN_UNDECLARED_SELECTOR = YES;
				GCC_WARN_UNINITIALIZED_AUTOS = YES_AGGRESSIVE;
				GCC_WARN_UNUSED_FUNCTION = YES;
				GCC_WARN_UNUSED_VARIABLE = YES;
				IPHONEOS_DEPLOYMENT_TARGET = 15.5;
				MTL_ENABLE_DEBUG_INFO = INCLUDE_SOURCE;
				MTL_FAST_MATH = YES;
				ONLY_ACTIVE_ARCH = YES;
				SDKROOT = iphoneos;
				SWIFT_ACTIVE_COMPILATION_CONDITIONS = DEBUG;
				SWIFT_OPTIMIZATION_LEVEL = "-Onone";
			};
			name = Debug;
		};
		0FE29DBB28EF04A4001B4360 /* Release */ = {
			isa = XCBuildConfiguration;
			buildSettings = {
				ALWAYS_SEARCH_USER_PATHS = NO;
				CLANG_ANALYZER_NONNULL = YES;
				CLANG_ANALYZER_NUMBER_OBJECT_CONVERSION = YES_AGGRESSIVE;
				CLANG_CXX_LANGUAGE_STANDARD = "gnu++17";
				CLANG_ENABLE_MODULES = YES;
				CLANG_ENABLE_OBJC_ARC = YES;
				CLANG_ENABLE_OBJC_WEAK = YES;
				CLANG_WARN_BLOCK_CAPTURE_AUTORELEASING = YES;
				CLANG_WARN_BOOL_CONVERSION = YES;
				CLANG_WARN_COMMA = YES;
				CLANG_WARN_CONSTANT_CONVERSION = YES;
				CLANG_WARN_DEPRECATED_OBJC_IMPLEMENTATIONS = YES;
				CLANG_WARN_DIRECT_OBJC_ISA_USAGE = YES_ERROR;
				CLANG_WARN_DOCUMENTATION_COMMENTS = YES;
				CLANG_WARN_EMPTY_BODY = YES;
				CLANG_WARN_ENUM_CONVERSION = YES;
				CLANG_WARN_INFINITE_RECURSION = YES;
				CLANG_WARN_INT_CONVERSION = YES;
				CLANG_WARN_NON_LITERAL_NULL_CONVERSION = YES;
				CLANG_WARN_OBJC_IMPLICIT_RETAIN_SELF = YES;
				CLANG_WARN_OBJC_LITERAL_CONVERSION = YES;
				CLANG_WARN_OBJC_ROOT_CLASS = YES_ERROR;
				CLANG_WARN_QUOTED_INCLUDE_IN_FRAMEWORK_HEADER = YES;
				CLANG_WARN_RANGE_LOOP_ANALYSIS = YES;
				CLANG_WARN_STRICT_PROTOTYPES = YES;
				CLANG_WARN_SUSPICIOUS_MOVE = YES;
				CLANG_WARN_UNGUARDED_AVAILABILITY = YES_AGGRESSIVE;
				CLANG_WARN_UNREACHABLE_CODE = YES;
				CLANG_WARN__DUPLICATE_METHOD_MATCH = YES;
				COPY_PHASE_STRIP = NO;
				DEBUG_INFORMATION_FORMAT = "dwarf-with-dsym";
				ENABLE_NS_ASSERTIONS = NO;
				ENABLE_STRICT_OBJC_MSGSEND = YES;
				GCC_C_LANGUAGE_STANDARD = gnu11;
				GCC_NO_COMMON_BLOCKS = YES;
				GCC_WARN_64_TO_32_BIT_CONVERSION = YES;
				GCC_WARN_ABOUT_RETURN_TYPE = YES_ERROR;
				GCC_WARN_UNDECLARED_SELECTOR = YES;
				GCC_WARN_UNINITIALIZED_AUTOS = YES_AGGRESSIVE;
				GCC_WARN_UNUSED_FUNCTION = YES;
				GCC_WARN_UNUSED_VARIABLE = YES;
				IPHONEOS_DEPLOYMENT_TARGET = 15.5;
				MTL_ENABLE_DEBUG_INFO = NO;
				MTL_FAST_MATH = YES;
				SDKROOT = iphoneos;
				SWIFT_COMPILATION_MODE = wholemodule;
				SWIFT_OPTIMIZATION_LEVEL = "-O";
				VALIDATE_PRODUCT = YES;
			};
			name = Release;
		};
		0FE29DBD28EF04A4001B4360 /* Debug */ = {
			isa = XCBuildConfiguration;
			baseConfigurationReference = B0689AFDDEC601662884EACC /* Pods-MusicSearch.debug.xcconfig */;
			buildSettings = {
				ASSETCATALOG_COMPILER_APPICON_NAME = AppIcon;
				ASSETCATALOG_COMPILER_GLOBAL_ACCENT_COLOR_NAME = AccentColor;
				CODE_SIGN_STYLE = Automatic;
				CURRENT_PROJECT_VERSION = 1;
				DEVELOPMENT_TEAM = M7L22G8HCB;
				GENERATE_INFOPLIST_FILE = YES;
				INFOPLIST_FILE = MusicSearch/Info.plist;
				INFOPLIST_KEY_UIApplicationSupportsIndirectInputEvents = YES;
				INFOPLIST_KEY_UILaunchStoryboardName = LaunchScreen;
				INFOPLIST_KEY_UIMainStoryboardFile = Main;
				INFOPLIST_KEY_UISupportedInterfaceOrientations_iPad = "UIInterfaceOrientationPortrait UIInterfaceOrientationPortraitUpsideDown UIInterfaceOrientationLandscapeLeft UIInterfaceOrientationLandscapeRight";
				INFOPLIST_KEY_UISupportedInterfaceOrientations_iPhone = "UIInterfaceOrientationPortrait UIInterfaceOrientationLandscapeLeft UIInterfaceOrientationLandscapeRight";
				LD_RUNPATH_SEARCH_PATHS = (
					"$(inherited)",
					"@executable_path/Frameworks",
				);
				MARKETING_VERSION = 1.0;
				PRODUCT_BUNDLE_IDENTIFIER = Ibra.MusicSearch;
				PRODUCT_NAME = "$(TARGET_NAME)";
				SWIFT_EMIT_LOC_STRINGS = YES;
				SWIFT_VERSION = 5.0;
				TARGETED_DEVICE_FAMILY = "1,2";
			};
			name = Debug;
		};
		0FE29DBE28EF04A4001B4360 /* Release */ = {
			isa = XCBuildConfiguration;
			baseConfigurationReference = 33A3E2EB03007D5FE63FDDBE /* Pods-MusicSearch.release.xcconfig */;
			buildSettings = {
				ASSETCATALOG_COMPILER_APPICON_NAME = AppIcon;
				ASSETCATALOG_COMPILER_GLOBAL_ACCENT_COLOR_NAME = AccentColor;
				CODE_SIGN_STYLE = Automatic;
				CURRENT_PROJECT_VERSION = 1;
				DEVELOPMENT_TEAM = M7L22G8HCB;
				GENERATE_INFOPLIST_FILE = YES;
				INFOPLIST_FILE = MusicSearch/Info.plist;
				INFOPLIST_KEY_UIApplicationSupportsIndirectInputEvents = YES;
				INFOPLIST_KEY_UILaunchStoryboardName = LaunchScreen;
				INFOPLIST_KEY_UIMainStoryboardFile = Main;
				INFOPLIST_KEY_UISupportedInterfaceOrientations_iPad = "UIInterfaceOrientationPortrait UIInterfaceOrientationPortraitUpsideDown UIInterfaceOrientationLandscapeLeft UIInterfaceOrientationLandscapeRight";
				INFOPLIST_KEY_UISupportedInterfaceOrientations_iPhone = "UIInterfaceOrientationPortrait UIInterfaceOrientationLandscapeLeft UIInterfaceOrientationLandscapeRight";
				LD_RUNPATH_SEARCH_PATHS = (
					"$(inherited)",
					"@executable_path/Frameworks",
				);
				MARKETING_VERSION = 1.0;
				PRODUCT_BUNDLE_IDENTIFIER = Ibra.MusicSearch;
				PRODUCT_NAME = "$(TARGET_NAME)";
				SWIFT_EMIT_LOC_STRINGS = YES;
				SWIFT_VERSION = 5.0;
				TARGETED_DEVICE_FAMILY = "1,2";
			};
			name = Release;
		};
/* End XCBuildConfiguration section */

/* Begin XCConfigurationList section */
		0FE29DA328EF049E001B4360 /* Build configuration list for PBXProject "MusicSearch" */ = {
			isa = XCConfigurationList;
			buildConfigurations = (
				0FE29DBA28EF04A4001B4360 /* Debug */,
				0FE29DBB28EF04A4001B4360 /* Release */,
			);
			defaultConfigurationIsVisible = 0;
			defaultConfigurationName = Release;
		};
		0FE29DBC28EF04A4001B4360 /* Build configuration list for PBXNativeTarget "MusicSearch" */ = {
			isa = XCConfigurationList;
			buildConfigurations = (
				0FE29DBD28EF04A4001B4360 /* Debug */,
				0FE29DBE28EF04A4001B4360 /* Release */,
			);
			defaultConfigurationIsVisible = 0;
			defaultConfigurationName = Release;
		};
/* End XCConfigurationList section */
	};
	rootObject = 0FE29DA028EF049E001B4360 /* Project object */;
}
